{
  "version": 3,
  "mopsTomlDepsHash": "b0c5b81f78e9dc390ce0be4686fee4fa5fd6cf4bd6276852f7b40d49961d4156",
  "deps": {
    "base": "0.7.3"
  },
  "hashes": {
    "base@0.7.3": {
      "base@0.7.3/src/AssocList.mo": "ee0630a62271f0a13e7acf19dd009954557ea1f7bf8c42809cf69ef49983e8cd",
      "base@0.7.3/README.md": "931c3f76a25c29388f4705908094f972ef821e2839360d67a39ebfabf49ce2e8",
      "base@0.7.3/LICENSE": "166bd8e8cf7790087d1fd18a9fa4d060cc0d0b3e5ab30689aa5f3a59a93386bf",
      "base@0.7.3/src/Blob.mo": "7c69d2af7f2b07a580a433f7026dee973f8d50c6500aa6ffaaf0256574eddeaf",
      "base@0.7.3/src/Bool.mo": "aae2d345570a5b62a50dc78745425cb14d858a8b923e89407158601414dcbd63",
      "base@0.7.3/src/Array.mo": "f4837d6e352fcfa7be86be18ea81b0b22eb0ba72ee91dfd2545330256a532143",
      "base@0.7.3/mops.toml": "44618d93a07ad53f95a01cb9ae58605a90910f807472f910db7a8b0c18feb393",
      "base@0.7.3/src/Buffer.mo": "bc8e0c0e726783bba9a41a9f3c879bad8efee03f15075f275c6d4be8a3db4d78",
      "base@0.7.3/src/CertifiedData.mo": "95dab25caac88bc0e18c8017174f4f99a916f00c8856e221e3b917bd90bd9f99",
      "base@0.7.3/src/Char.mo": "1f4a8bc4eddf37b6f5d330464ee9f5e884a119e9f2d5f271f12bdcbf82a7bac6",
      "base@0.7.3/src/Debug.mo": "3439bd03af5e03fa341c1540bd4569e4df170cb47f94682ca9a2f75992c80577",
      "base@0.7.3/src/Deque.mo": "b43b85078c02d13ab07772258885e3f78bbdfa9850c335e0cff646010f6184b3",
      "base@0.7.3/src/Error.mo": "8f90b27dd7df12620742e6a0d8ea24e978ae3ea9f0806cd88c264d60671fb70e",
      "base@0.7.3/src/ExperimentalInternetComputer.mo": "ec392dbbc7ab4ba95c7527cb6cee9a355e1f1131094be1aa4f88ceb944144c9e",
      "base@0.7.3/src/ExperimentalCycles.mo": "a648fbc0a56ac1883f1dcf45e522ca3decd4342acd17d04ee79e395d4af2cedb",
      "base@0.7.3/src/ExperimentalStableMemory.mo": "be9f71e7c122f0a2dfa5f79fb349062587c691f9b3e4a35f3b19057ca44794a7",
      "base@0.7.3/src/Float.mo": "c927749a0b7f484159c5f42f6c6fd915d21f8fca7935b28d0bae8949f7e1e94d",
      "base@0.7.3/src/Func.mo": "2893683d82ab985247d276b1c38c2ec65a08f37995b10d7ff812274dc424d662",
      "base@0.7.3/src/Hash.mo": "0fec16fcfa862567c0e241b82f934ac96b071399334af53c333082ace97c52b1",
      "base@0.7.3/src/HashMap.mo": "536ae25f2775ac2ec6c2bfcdb30a0574f37461996dc70bbff65e8d30eecd3ade",
      "base@0.7.3/src/Heap.mo": "10b8eca5683f6dae1a7eff906859a2cf0d83203dba7b3479e971a32bd9445574",
      "base@0.7.3/src/Int.mo": "feaa5c7827deedda8d30e76c46efea00aec252ec428bf202ed503c516a55d8c5",
      "base@0.7.3/src/Int32.mo": "6662ff90b1132531508f482d469c4c3ce1798470b837ab063831b516b6089b55",
      "base@0.7.3/src/Int16.mo": "de380bfe238cef0c37067ec70a196c3abe1d6b1a6b9eb4d61abb489c0f6b5ede",
      "base@0.7.3/src/Int64.mo": "ecdab1813f7ec6e485972fbc82a10734e057ebf18fe048eb1f7768469c4c4d50",
      "base@0.7.3/src/Int8.mo": "e121d0a2f4163e9796f9195f455f833679483cbc192b5f91c4a136f5ee2313e2",
      "base@0.7.3/src/Iter.mo": "befccfefb9a8809a5e10e20ca3cc1d06c5507584cd3e4a917dcf521542d06336",
      "base@0.7.3/src/IterType.mo": "5e47aca8aaa966b64fa52fd6a7f30cf217a4b3df789208ed6176052040a65467",
      "base@0.7.3/src/List.mo": "3e7b1527160387507b55c6d83ab35a36d33c89568d702aa95a74d0564c4552ab",
      "base@0.7.3/src/Nat.mo": "8cb186903e0cde8ac3c5c7664b22d850a0b2647380195fdde25b015666ab3e84",
      "base@0.7.3/src/Nat16.mo": "edd819b942a6110c2cc75954146d63a1a6259e5bb02e513f72df771f465c47f5",
      "base@0.7.3/src/Nat32.mo": "9ac15ac8f45db1a2e58f4434f5a782ba19006336522cc10721c925dc10cd7a67",
      "base@0.7.3/src/Nat64.mo": "6b54d5a2919c0eaf16b1d0100f62c88775fa6a10bbe076649d3df2aecaa11f87",
      "base@0.7.3/src/Nat8.mo": "680f83e9d6ac84ba4dab70dd3ec7993819090fd998a17169b846987e1fa063ff",
      "base@0.7.3/src/None.mo": "e9f55e45a3b3d150e25bdb50d4a4e93b8da02e502de4e7bdde06e5df4aa2e307",
      "base@0.7.3/src/Option.mo": "fbc4b3e0a27a9037371957f67a83d88c02ca1935e074cc3750ca979fa8a1655a",
      "base@0.7.3/src/Order.mo": "8f96f1d09af213c80a465520ad10c9abf51cafd5cbcf5df6188d54b27963a4ad",
      "base@0.7.3/src/Prelude.mo": "c22902cf216df34ecb28365d7f2350aa0742d3ee4b3a5f8f56d5bde31b2828b1",
      "base@0.7.3/src/Principal.mo": "0868bd422be623c732c533434f3221d513db7a2c5cde687f175fd269d81048dc",
      "base@0.7.3/src/RBTree.mo": "635aecc23234f3223c5c16664ead8bb6ddeb7ecc761a37949d35139cdf3b1f24",
      "base@0.7.3/src/Random.mo": "2bf1fcc2bb2896b5439a7c65eb70c376d56e2089a21216564d92b2ede944620a",
      "base@0.7.3/src/Result.mo": "b508b7142d1119b62d438dd08c992d010443b76aaa5404962dc09b069377389a",
      "base@0.7.3/src/Stack.mo": "5c1a781c27d19601676a601f8f197c6e35afd2f35dbddea83d53cf2628b436b9",
      "base@0.7.3/src/Time.mo": "d643f0f541db38f71032c335772374fd9a28be562664b4b621ae63b048bb9877",
      "base@0.7.3/src/Text.mo": "6d712fb067a80ee44d8c33c5e5dee5c7829f33b8edd7880d554a0b6db1f18313",
      "base@0.7.3/src/TrieMap.mo": "15398aac44e75f964559e38c60a8037706a8754b2d5bb904bb92d57cfdb5b963",
      "base@0.7.3/src/Trie.mo": "7a013b5879bfdc4bc606227151662523c856ec00aae30a512fca895f15770f05",
      "base@0.7.3/src/TrieSet.mo": "f64cfd7b45a727f537c7a8f8702dc661a6413a5e031d3d71e7ede69decf6e787"
    }
  }
}